// !$*UTF8*$!
{
	archiveVersion = 1;
	classes = {
	};
	objectVersion = 46;
	objects = {

/* Begin PBXBuildFile section */
		1A989AA617CB07E80072C20F /* Key.m in Sources */ = {isa = PBXBuildFile; fileRef = 1A989AA517CB07E80072C20F /* Key.m */; };
		1A9DDF7A17BB33E900421010 /* Default@2x.png in Resources */ = {isa = PBXBuildFile; fileRef = 1A9DDF7917BB33E900421010 /* Default@2x.png */; };
		1A9DDF7C17BB419200421010 /* Default.png in Resources */ = {isa = PBXBuildFile; fileRef = 1A9DDF7B17BB419200421010 /* Default.png */; };
		1A9DDF7E17BB41B300421010 /* Default-568h@2x.png in Resources */ = {isa = PBXBuildFile; fileRef = 1A9DDF7D17BB41B300421010 /* Default-568h@2x.png */; };
		1A9DDF8017BB41C100421010 /* Default-Portrait~ipad.png in Resources */ = {isa = PBXBuildFile; fileRef = 1A9DDF7F17BB41C100421010 /* Default-Portrait~ipad.png */; };
		1A9DDF8217BB429100421010 /* Default-Landscape~ipad.png in Resources */ = {isa = PBXBuildFile; fileRef = 1A9DDF8117BB429100421010 /* Default-Landscape~ipad.png */; };
		1A9DDF8417BB42E500421010 /* Default-Portrait@2x~ipad.png in Resources */ = {isa = PBXBuildFile; fileRef = 1A9DDF8317BB42E500421010 /* Default-Portrait@2x~ipad.png */; };
		1A9DDF8617BB43A600421010 /* Default-Landscape@2x~ipad.png in Resources */ = {isa = PBXBuildFile; fileRef = 1A9DDF8517BB43A600421010 /* Default-Landscape@2x~ipad.png */; };
		1AE4214E17B8C079001A1B58 /* UIKit.framework in Frameworks */ = {isa = PBXBuildFile; fileRef = 1AE4214D17B8C079001A1B58 /* UIKit.framework */; };
		1AE4215017B8C079001A1B58 /* Foundation.framework in Frameworks */ = {isa = PBXBuildFile; fileRef = 1AE4214F17B8C079001A1B58 /* Foundation.framework */; };
		1AE4215217B8C079001A1B58 /* CoreGraphics.framework in Frameworks */ = {isa = PBXBuildFile; fileRef = 1AE4215117B8C079001A1B58 /* CoreGraphics.framework */; };
		1AE4215417B8C079001A1B58 /* CoreData.framework in Frameworks */ = {isa = PBXBuildFile; fileRef = 1AE4215317B8C079001A1B58 /* CoreData.framework */; };
		1AE4215A17B8C079001A1B58 /* InfoPlist.strings in Resources */ = {isa = PBXBuildFile; fileRef = 1AE4215817B8C079001A1B58 /* InfoPlist.strings */; };
		1AE4215C17B8C079001A1B58 /* main.m in Sources */ = {isa = PBXBuildFile; fileRef = 1AE4215B17B8C079001A1B58 /* main.m */; };
		1AE4216017B8C079001A1B58 /* LEOAppDelegate.m in Sources */ = {isa = PBXBuildFile; fileRef = 1AE4215F17B8C079001A1B58 /* LEOAppDelegate.m */; };
		1AE4216917B8C079001A1B58 /* PassKeeper.xcdatamodeld in Sources */ = {isa = PBXBuildFile; fileRef = 1AE4216717B8C079001A1B58 /* PassKeeper.xcdatamodeld */; };
		1AE4217417B8C2C8001A1B58 /* KeyListsViewController.m in Sources */ = {isa = PBXBuildFile; fileRef = 1AE4217317B8C2C8001A1B58 /* KeyListsViewController.m */; };
		1AE4217717B8C2DA001A1B58 /* KeyDetailsViewController.m in Sources */ = {isa = PBXBuildFile; fileRef = 1AE4217617B8C2DA001A1B58 /* KeyDetailsViewController.m */; };
		1AEB440B17BA148D00B4A97F /* keys57.png in Resources */ = {isa = PBXBuildFile; fileRef = 1AEB440A17BA148D00B4A97F /* keys57.png */; };
		1AEB440D17BA161700B4A97F /* keys114.png in Resources */ = {isa = PBXBuildFile; fileRef = 1AEB440C17BA161700B4A97F /* keys114.png */; };
		1AEB440F17BA1B1500B4A97F /* keys72.png in Resources */ = {isa = PBXBuildFile; fileRef = 1AEB440E17BA1B1400B4A97F /* keys72.png */; };
		1AEB441117BA1B9200B4A97F /* keys144.png in Resources */ = {isa = PBXBuildFile; fileRef = 1AEB441017BA1B9200B4A97F /* keys144.png */; };
/* End PBXBuildFile section */

/* Begin PBXFileReference section */
		1A989AA317CB076B0072C20F /* zh-Hans */ = {isa = PBXFileReference; lastKnownFileType = text.plist.strings; name = "zh-Hans"; path = "zh-Hans.lproj/InfoPlist.strings"; sourceTree = "<group>"; };
		1A989AA417CB07E80072C20F /* Key.h */ = {isa = PBXFileReference; fileEncoding = 4; lastKnownFileType = sourcecode.c.h; path = Key.h; sourceTree = "<group>"; };
		1A989AA517CB07E80072C20F /* Key.m */ = {isa = PBXFileReference; fileEncoding = 4; lastKnownFileType = sourcecode.c.objc; path = Key.m; sourceTree = "<group>"; };
		1A9DDF7917BB33E900421010 /* Default@2x.png */ = {isa = PBXFileReference; lastKnownFileType = image.png; path = "Default@2x.png"; sourceTree = "<group>"; };
		1A9DDF7B17BB419200421010 /* Default.png */ = {isa = PBXFileReference; lastKnownFileType = image.png; path = Default.png; sourceTree = "<group>"; };
		1A9DDF7D17BB41B300421010 /* Default-568h@2x.png */ = {isa = PBXFileReference; lastKnownFileType = image.png; path = "Default-568h@2x.png"; sourceTree = "<group>"; };
		1A9DDF7F17BB41C100421010 /* Default-Portrait~ipad.png */ = {isa = PBXFileReference; lastKnownFileType = image.png; path = "Default-Portrait~ipad.png"; sourceTree = "<group>"; };
		1A9DDF8117BB429100421010 /* Default-Landscape~ipad.png */ = {isa = PBXFileReference; lastKnownFileType = image.png; path = "Default-Landscape~ipad.png"; sourceTree = "<group>"; };
		1A9DDF8317BB42E500421010 /* Default-Portrait@2x~ipad.png */ = {isa = PBXFileReference; lastKnownFileType = image.png; path = "Default-Portrait@2x~ipad.png"; sourceTree = "<group>"; };
		1A9DDF8517BB43A600421010 /* Default-Landscape@2x~ipad.png */ = {isa = PBXFileReference; lastKnownFileType = image.png; path = "Default-Landscape@2x~ipad.png"; sourceTree = "<group>"; };
		1AE4214A17B8C079001A1B58 /* PassKeeper.app */ = {isa = PBXFileReference; explicitFileType = wrapper.application; includeInIndex = 0; path = PassKeeper.app; sourceTree = BUILT_PRODUCTS_DIR; };
		1AE4214D17B8C079001A1B58 /* UIKit.framework */ = {isa = PBXFileReference; lastKnownFileType = wrapper.framework; name = UIKit.framework; path = System/Library/Frameworks/UIKit.framework; sourceTree = SDKROOT; };
		1AE4214F17B8C079001A1B58 /* Foundation.framework */ = {isa = PBXFileReference; lastKnownFileType = wrapper.framework; name = Foundation.framework; path = System/Library/Frameworks/Foundation.framework; sourceTree = SDKROOT; };
		1AE4215117B8C079001A1B58 /* CoreGraphics.framework */ = {isa = PBXFileReference; lastKnownFileType = wrapper.framework; name = CoreGraphics.framework; path = System/Library/Frameworks/CoreGraphics.framework; sourceTree = SDKROOT; };
		1AE4215317B8C079001A1B58 /* CoreData.framework */ = {isa = PBXFileReference; lastKnownFileType = wrapper.framework; name = CoreData.framework; path = System/Library/Frameworks/CoreData.framework; sourceTree = SDKROOT; };
		1AE4215717B8C079001A1B58 /* PassKeeper-Info.plist */ = {isa = PBXFileReference; lastKnownFileType = text.plist.xml; path = "PassKeeper-Info.plist"; sourceTree = "<group>"; };
		1AE4215917B8C079001A1B58 /* en */ = {isa = PBXFileReference; lastKnownFileType = text.plist.strings; name = en; path = en.lproj/InfoPlist.strings; sourceTree = "<group>"; };
		1AE4215B17B8C079001A1B58 /* main.m */ = {isa = PBXFileReference; lastKnownFileType = sourcecode.c.objc; path = main.m; sourceTree = "<group>"; };
		1AE4215D17B8C079001A1B58 /* PassKeeper-Prefix.pch */ = {isa = PBXFileReference; lastKnownFileType = sourcecode.c.h; path = "PassKeeper-Prefix.pch"; sourceTree = "<group>"; };
		1AE4215E17B8C079001A1B58 /* LEOAppDelegate.h */ = {isa = PBXFileReference; lastKnownFileType = sourcecode.c.h; path = LEOAppDelegate.h; sourceTree = "<group>"; };
		1AE4215F17B8C079001A1B58 /* LEOAppDelegate.m */ = {isa = PBXFileReference; lastKnownFileType = sourcecode.c.objc; path = LEOAppDelegate.m; sourceTree = "<group>"; };
		1AE4216817B8C079001A1B58 /* PassKeeper.xcdatamodel */ = {isa = PBXFileReference; lastKnownFileType = wrapper.xcdatamodel; path = PassKeeper.xcdatamodel; sourceTree = "<group>"; };
		1AE4217217B8C2C8001A1B58 /* KeyListsViewController.h */ = {isa = PBXFileReference; fileEncoding = 4; lastKnownFileType = sourcecode.c.h; path = KeyListsViewController.h; sourceTree = "<group>"; };
		1AE4217317B8C2C8001A1B58 /* KeyListsViewController.m */ = {isa = PBXFileReference; fileEncoding = 4; lastKnownFileType = sourcecode.c.objc; path = KeyListsViewController.m; sourceTree = "<group>"; };
		1AE4217517B8C2DA001A1B58 /* KeyDetailsViewController.h */ = {isa = PBXFileReference; fileEncoding = 4; lastKnownFileType = sourcecode.c.h; path = KeyDetailsViewController.h; sourceTree = "<group>"; };
		1AE4217617B8C2DA001A1B58 /* KeyDetailsViewController.m */ = {isa = PBXFileReference; fileEncoding = 4; lastKnownFileType = sourcecode.c.objc; path = KeyDetailsViewController.m; sourceTree = "<group>"; };
		1AEB440A17BA148D00B4A97F /* keys57.png */ = {isa = PBXFileReference; lastKnownFileType = image.png; path = keys57.png; sourceTree = "<group>"; };
		1AEB440C17BA161700B4A97F /* keys114.png */ = {isa = PBXFileReference; lastKnownFileType = image.png; path = keys114.png; sourceTree = "<group>"; };
		1AEB440E17BA1B1400B4A97F /* keys72.png */ = {isa = PBXFileReference; lastKnownFileType = image.png; path = keys72.png; sourceTree = "<group>"; };
		1AEB441017BA1B9200B4A97F /* keys144.png */ = {isa = PBXFileReference; lastKnownFileType = image.png; path = keys144.png; sourceTree = "<group>"; };
		1AFB1CFB17BE08240058A062 /* PassKeeper 2.xcdatamodel */ = {isa = PBXFileReference; lastKnownFileType = wrapper.xcdatamodel; path = "PassKeeper 2.xcdatamodel"; sourceTree = "<group>"; };
/* End PBXFileReference section */

/* Begin PBXFrameworksBuildPhase section */
		1AE4214717B8C079001A1B58 /* Frameworks */ = {
			isa = PBXFrameworksBuildPhase;
			buildActionMask = 2147483647;
			files = (
				1AE4214E17B8C079001A1B58 /* UIKit.framework in Frameworks */,
				1AE4215017B8C079001A1B58 /* Foundation.framework in Frameworks */,
				1AE4215217B8C079001A1B58 /* CoreGraphics.framework in Frameworks */,
				1AE4215417B8C079001A1B58 /* CoreData.framework in Frameworks */,
			);
			runOnlyForDeploymentPostprocessing = 0;
		};
/* End PBXFrameworksBuildPhase section */

/* Begin PBXGroup section */
		1AE4214117B8C078001A1B58 = {
			isa = PBXGroup;
			children = (
				1A9DDF8517BB43A600421010 /* Default-Landscape@2x~ipad.png */,
				1A9DDF8317BB42E500421010 /* Default-Portrait@2x~ipad.png */,
				1A9DDF8117BB429100421010 /* Default-Landscape~ipad.png */,
				1A9DDF7F17BB41C100421010 /* Default-Portrait~ipad.png */,
				1A9DDF7D17BB41B300421010 /* Default-568h@2x.png */,
				1A9DDF7B17BB419200421010 /* Default.png */,
				1A9DDF7917BB33E900421010 /* Default@2x.png */,
				1AEB441017BA1B9200B4A97F /* keys144.png */,
				1AEB440E17BA1B1400B4A97F /* keys72.png */,
				1AEB440C17BA161700B4A97F /* keys114.png */,
				1AEB440A17BA148D00B4A97F /* keys57.png */,
				1AE4215517B8C079001A1B58 /* PassKeeper */,
				1AE4214C17B8C079001A1B58 /* Frameworks */,
				1AE4214B17B8C079001A1B58 /* Products */,
			);
			sourceTree = "<group>";
		};
		1AE4214B17B8C079001A1B58 /* Products */ = {
			isa = PBXGroup;
			children = (
				1AE4214A17B8C079001A1B58 /* PassKeeper.app */,
			);
			name = Products;
			sourceTree = "<group>";
		};
		1AE4214C17B8C079001A1B58 /* Frameworks */ = {
			isa = PBXGroup;
			children = (
				1AE4214D17B8C079001A1B58 /* UIKit.framework */,
				1AE4214F17B8C079001A1B58 /* Foundation.framework */,
				1AE4215117B8C079001A1B58 /* CoreGraphics.framework */,
				1AE4215317B8C079001A1B58 /* CoreData.framework */,
			);
			name = Frameworks;
			sourceTree = "<group>";
		};
		1AE4215517B8C079001A1B58 /* PassKeeper */ = {
			isa = PBXGroup;
			children = (
				1AE4215E17B8C079001A1B58 /* LEOAppDelegate.h */,
				1AE4215F17B8C079001A1B58 /* LEOAppDelegate.m */,
				1AE4216717B8C079001A1B58 /* PassKeeper.xcdatamodeld */,
				1A989AA417CB07E80072C20F /* Key.h */,
				1A989AA517CB07E80072C20F /* Key.m */,
				1AE4215617B8C079001A1B58 /* Supporting Files */,
				1AE4217217B8C2C8001A1B58 /* KeyListsViewController.h */,
				1AE4217317B8C2C8001A1B58 /* KeyListsViewController.m */,
				1AE4217517B8C2DA001A1B58 /* KeyDetailsViewController.h */,
				1AE4217617B8C2DA001A1B58 /* KeyDetailsViewController.m */,
			);
			path = PassKeeper;
			sourceTree = "<group>";
		};
		1AE4215617B8C079001A1B58 /* Supporting Files */ = {
			isa = PBXGroup;
			children = (
				1AE4215717B8C079001A1B58 /* PassKeeper-Info.plist */,
				1AE4215817B8C079001A1B58 /* InfoPlist.strings */,
				1AE4215B17B8C079001A1B58 /* main.m */,
				1AE4215D17B8C079001A1B58 /* PassKeeper-Prefix.pch */,
			);
			name = "Supporting Files";
			sourceTree = "<group>";
		};
/* End PBXGroup section */

/* Begin PBXNativeTarget section */
		1AE4214917B8C079001A1B58 /* PassKeeper */ = {
			isa = PBXNativeTarget;
			buildConfigurationList = 1AE4216C17B8C079001A1B58 /* Build configuration list for PBXNativeTarget "PassKeeper" */;
			buildPhases = (
				1AE4214617B8C079001A1B58 /* Sources */,
				1AE4214717B8C079001A1B58 /* Frameworks */,
				1AE4214817B8C079001A1B58 /* Resources */,
			);
			buildRules = (
			);
			dependencies = (
			);
			name = PassKeeper;
			productName = PassKeeper;
			productReference = 1AE4214A17B8C079001A1B58 /* PassKeeper.app */;
			productType = "com.apple.product-type.application";
		};
/* End PBXNativeTarget section */

/* Begin PBXProject section */
		1AE4214217B8C078001A1B58 /* Project object */ = {
			isa = PBXProject;
			attributes = {
				CLASSPREFIX = LEO;
				LastUpgradeCheck = 0460;
				ORGANIZATIONNAME = "Wang Leo";
			};
			buildConfigurationList = 1AE4214517B8C078001A1B58 /* Build configuration list for PBXProject "PassKeeper" */;
			compatibilityVersion = "Xcode 3.2";
			developmentRegion = English;
			hasScannedForEncodings = 0;
			knownRegions = (
				en,
				zh,
				"zh-Hans",
			);
			mainGroup = 1AE4214117B8C078001A1B58;
			productRefGroup = 1AE4214B17B8C079001A1B58 /* Products */;
			projectDirPath = "";
			projectRoot = "";
			targets = (
				1AE4214917B8C079001A1B58 /* PassKeeper */,
			);
		};
/* End PBXProject section */

/* Begin PBXResourcesBuildPhase section */
		1AE4214817B8C079001A1B58 /* Resources */ = {
			isa = PBXResourcesBuildPhase;
			buildActionMask = 2147483647;
			files = (
				1AE4215A17B8C079001A1B58 /* InfoPlist.strings in Resources */,
				1AEB440B17BA148D00B4A97F /* keys57.png in Resources */,
				1AEB440D17BA161700B4A97F /* keys114.png in Resources */,
				1AEB440F17BA1B1500B4A97F /* keys72.png in Resources */,
				1AEB441117BA1B9200B4A97F /* keys144.png in Resources */,
				1A9DDF7A17BB33E900421010 /* Default@2x.png in Resources */,
				1A9DDF7C17BB419200421010 /* Default.png in Resources */,
				1A9DDF7E17BB41B300421010 /* Default-568h@2x.png in Resources */,
				1A9DDF8017BB41C100421010 /* Default-Portrait~ipad.png in Resources */,
				1A9DDF8217BB429100421010 /* Default-Landscape~ipad.png in Resources */,
				1A9DDF8417BB42E500421010 /* Default-Portrait@2x~ipad.png in Resources */,
				1A9DDF8617BB43A600421010 /* Default-Landscape@2x~ipad.png in Resources */,
			);
			runOnlyForDeploymentPostprocessing = 0;
		};
/* End PBXResourcesBuildPhase section */

/* Begin PBXSourcesBuildPhase section */
		1AE4214617B8C079001A1B58 /* Sources */ = {
			isa = PBXSourcesBuildPhase;
			buildActionMask = 2147483647;
			files = (
				1AE4215C17B8C079001A1B58 /* main.m in Sources */,
				1AE4216017B8C079001A1B58 /* LEOAppDelegate.m in Sources */,
				1AE4216917B8C079001A1B58 /* PassKeeper.xcdatamodeld in Sources */,
				1AE4217417B8C2C8001A1B58 /* KeyListsViewController.m in Sources */,
				1AE4217717B8C2DA001A1B58 /* KeyDetailsViewController.m in Sources */,
				1A989AA617CB07E80072C20F /* Key.m in Sources */,
			);
			runOnlyForDeploymentPostprocessing = 0;
		};
/* End PBXSourcesBuildPhase section */

/* Begin PBXVariantGroup section */
		1AE4215817B8C079001A1B58 /* InfoPlist.strings */ = {
			isa = PBXVariantGroup;
			children = (
				1AE4215917B8C079001A1B58 /* en */,
				1A989AA317CB076B0072C20F /* zh-Hans */,
			);
			name = InfoPlist.strings;
			sourceTree = "<group>";
		};
/* End PBXVariantGroup section */

/* Begin XCBuildConfiguration section */
		1AE4216A17B8C079001A1B58 /* Debug */ = {
			isa = XCBuildConfiguration;
			buildSettings = {
				ALWAYS_SEARCH_USER_PATHS = NO;
				CLANG_CXX_LANGUAGE_STANDARD = "gnu++0x";
				CLANG_CXX_LIBRARY = "libc++";
				CLANG_ENABLE_OBJC_ARC = YES;
				CLANG_WARN_CONSTANT_CONVERSION = YES;
				CLANG_WARN_EMPTY_BODY = YES;
				CLANG_WARN_ENUM_CONVERSION = YES;
				CLANG_WARN_INT_CONVERSION = YES;
				CLANG_WARN__DUPLICATE_METHOD_MATCH = YES;
				CODE_SIGN_IDENTITY = "iPhone Distribution: Jianghong Jiang (LR24R2T43Q)";
				"CODE_SIGN_IDENTITY[sdk=iphoneos*]" = "iPhone Developer";
				COPY_PHASE_STRIP = NO;
				GCC_C_LANGUAGE_STANDARD = gnu99;
				GCC_DYNAMIC_NO_PIC = NO;
				GCC_OPTIMIZATION_LEVEL = 0;
				GCC_PREPROCESSOR_DEFINITIONS = (
					"DEBUG=1",
					"$(inherited)",
				);
				GCC_SYMBOLS_PRIVATE_EXTERN = NO;
				GCC_WARN_ABOUT_RETURN_TYPE = YES;
				GCC_WARN_UNINITIALIZED_AUTOS = YES;
				GCC_WARN_UNUSED_VARIABLE = YES;
				IPHONEOS_DEPLOYMENT_TARGET = 5.0;
				ONLY_ACTIVE_ARCH = YES;
				PROVISIONING_PROFILE = "6EC1D59D-632C-4FC0-8737-6F5E9D9A92CD";
				SDKROOT = iphoneos;
				TARGETED_DEVICE_FAMILY = "1,2";
			};
			name = Debug;
		};
		1AE4216B17B8C079001A1B58 /* Release */ = {
			isa = XCBuildConfiguration;
			buildSettings = {
				ALWAYS_SEARCH_USER_PATHS = NO;
				CLANG_CXX_LANGUAGE_STANDARD = "gnu++0x";
				CLANG_CXX_LIBRARY = "libc++";
				CLANG_ENABLE_OBJC_ARC = YES;
				CLANG_WARN_CONSTANT_CONVERSION = YES;
				CLANG_WARN_EMPTY_BODY = YES;
				CLANG_WARN_ENUM_CONVERSION = YES;
				CLANG_WARN_INT_CONVERSION = YES;
				CLANG_WARN__DUPLICATE_METHOD_MATCH = YES;
				CODE_SIGN_IDENTITY = "iPhone Distribution: Jianghong Jiang (LR24R2T43Q)";
				"CODE_SIGN_IDENTITY[sdk=iphoneos*]" = "iPhone Developer";
				COPY_PHASE_STRIP = YES;
				GCC_C_LANGUAGE_STANDARD = gnu99;
				GCC_WARN_ABOUT_RETURN_TYPE = YES;
				GCC_WARN_UNINITIALIZED_AUTOS = YES;
				GCC_WARN_UNUSED_VARIABLE = YES;
				IPHONEOS_DEPLOYMENT_TARGET = 5.0;
				OTHER_CFLAGS = "-DNS_BLOCK_ASSERTIONS=1";
				PROVISIONING_PROFILE = "6EC1D59D-632C-4FC0-8737-6F5E9D9A92CD";
				SDKROOT = iphoneos;
				TARGETED_DEVICE_FAMILY = "1,2";
				VALIDATE_PRODUCT = YES;
			};
			name = Release;
		};
		1AE4216D17B8C079001A1B58 /* Debug */ = {
			isa = XCBuildConfiguration;
			buildSettings = {
				CODE_SIGN_IDENTITY = "iPhone Distribution: Jianghong Jiang (LR24R2T43Q)";
				GCC_PRECOMPILE_PREFIX_HEADER = YES;
				GCC_PREFIX_HEADER = "PassKeeper/PassKeeper-Prefix.pch";
				INFOPLIST_FILE = "PassKeeper/PassKeeper-Info.plist";
				IPHONEOS_DEPLOYMENT_TARGET = 5.0;
				PRODUCT_NAME = "$(TARGET_NAME)";
				PROVISIONING_PROFILE = "6EC1D59D-632C-4FC0-8737-6F5E9D9A92CD";
				WRAPPER_EXTENSION = app;
			};
			name = Debug;
		};
		1AE4216E17B8C079001A1B58 /* Release */ = {
			isa = XCBuildConfiguration;
			buildSettings = {
				CODE_SIGN_IDENTITY = "iPhone Distribution: Jianghong Jiang (LR24R2T43Q)";
				GCC_PRECOMPILE_PREFIX_HEADER = YES;
				GCC_PREFIX_HEADER = "PassKeeper/PassKeeper-Prefix.pch";
				INFOPLIST_FILE = "PassKeeper/PassKeeper-Info.plist";
				IPHONEOS_DEPLOYMENT_TARGET = 5.0;
				PRODUCT_NAME = "$(TARGET_NAME)";
				PROVISIONING_PROFILE = "6EC1D59D-632C-4FC0-8737-6F5E9D9A92CD";
				WRAPPER_EXTENSION = app;
			};
			name = Release;
		};
/* End XCBuildConfiguration section */

/* Begin XCConfigurationList section */
		1AE4214517B8C078001A1B58 /* Build configuration list for PBXProject "PassKeeper" */ = {
			isa = XCConfigurationList;
			buildConfigurations = (
				1AE4216A17B8C079001A1B58 /* Debug */,
				1AE4216B17B8C079001A1B58 /* Release */,
			);
			defaultConfigurationIsVisible = 0;
			defaultConfigurationName = Release;
		};
		1AE4216C17B8C079001A1B58 /* Build configuration list for PBXNativeTarget "PassKeeper" */ = {
			isa = XCConfigurationList;
			buildConfigurations = (
				1AE4216D17B8C079001A1B58 /* Debug */,
				1AE4216E17B8C079001A1B58 /* Release */,
			);
			defaultConfigurationIsVisible = 0;
			defaultConfigurationName = Release;
		};
/* End XCConfigurationList section */

/* Begin XCVersionGroup section */
		1AE4216717B8C079001A1B58 /* PassKeeper.xcdatamodeld */ = {
			isa = XCVersionGroup;
			children = (
				1AFB1CFB17BE08240058A062 /* PassKeeper 2.xcdatamodel */,
				1AE4216817B8C079001A1B58 /* PassKeeper.xcdatamodel */,
			);
			currentVersion = 1AFB1CFB17BE08240058A062 /* PassKeeper 2.xcdatamodel */;
			path = PassKeeper.xcdatamodeld;
			sourceTree = "<group>";
			versionGroupType = wrapper.xcdatamodel;
		};
/* End XCVersionGroup section */
	};
	rootObject = 1AE4214217B8C078001A1B58 /* Project object */;
}
